
Microsoft Visual Studio Solution File, Format Version 12.00
# Visual Studio Version 17
VisualStudioVersion = 17.0.32112.339
MinimumVisualStudioVersion = 10.0.40219.1
Project("{9A19103F-16F7-4668-BE54-9A1E7A4F7556}") = "MathPuzzleSolver", "MathPuzzleSolver\MathPuzzleSolver.csproj", "{E5C1D7B9-09BE-432B-85B6-2EE33509DB8A}"
EndProject
Project("{9A19103F-16F7-4668-BE54-9A1E7A4F7556}") = "MathPuzzleSolverTests", "MathPuzzleSolverTests\MathPuzzleSolverTests.csproj", "{FE9E59D9-2AE0-4ED6-B3E1-E237698955CE}"
EndProject
Project("{9A19103F-16F7-4668-BE54-9A1E7A4F7556}") = "MathPuzzleSolverWPF", "MathPuzzleSolverWPF\MathPuzzleSolverWPF.csproj", "{03EFA2CB-C349-4795-BA11-A8DF63B5B97E}"
EndProject
Project("{2150E333-8FDC-42A3-9474-1A3956D46DE8}") = "Solution Items", "Solution Items", "{214ED5F1-E3AA-4E70-B087-546ABEBC90AA}"
	ProjectSection(SolutionItems) = preProject
		.gitignore = .gitignore
	EndProjectSection
EndProject
Global
	GlobalSection(SolutionConfigurationPlatforms) = preSolution
		Debug|Any CPU = Debug|Any CPU
		Release|Any CPU = Release|Any CPU
	EndGlobalSection
	GlobalSection(ProjectConfigurationPlatforms) = postSolution
		{E5C1D7B9-09BE-432B-85B6-2EE33509DB8A}.Debug|Any CPU.ActiveCfg = Debug|Any CPU
		{E5C1D7B9-09BE-432B-85B6-2EE33509DB8A}.Debug|Any CPU.Build.0 = Debug|Any CPU
		{E5C1D7B9-09BE-432B-85B6-2EE33509DB8A}.Release|Any CPU.ActiveCfg = Release|Any CPU
		{E5C1D7B9-09BE-432B-85B6-2EE33509DB8A}.Release|Any CPU.Build.0 = Release|Any CPU
		{FE9E59D9-2AE0-4ED6-B3E1-E237698955CE}.Debug|Any CPU.ActiveCfg = Debug|Any CPU
		{FE9E59D9-2AE0-4ED6-B3E1-E237698955CE}.Debug|Any CPU.Build.0 = Debug|Any CPU
		{FE9E59D9-2AE0-4ED6-B3E1-E237698955CE}.Release|Any CPU.ActiveCfg = Release|Any CPU
		{FE9E59D9-2AE0-4ED6-B3E1-E237698955CE}.Release|Any CPU.Build.0 = Release|Any CPU
		{03EFA2CB-C349-4795-BA11-A8DF63B5B97E}.Debug|Any CPU.ActiveCfg = Debug|Any CPU
		{03EFA2CB-C349-4795-BA11-A8DF63B5B97E}.Debug|Any CPU.Build.0 = Debug|Any CPU
		{03EFA2CB-C349-4795-BA11-A8DF63B5B97E}.Release|Any CPU.ActiveCfg = Release|Any CPU
		{03EFA2CB-C349-4795-BA11-A8DF63B5B97E}.Release|Any CPU.Build.0 = Release|Any CPU
	EndGlobalSection
	GlobalSection(SolutionProperties) = preSolution
		HideSolutionNode = FALSE
	EndGlobalSection
	GlobalSection(ExtensibilityGlobals) = postSolution
		SolutionGuid = {566DCB04-7D5E-4F83-B28C-B5D38B8DADA6}
	EndGlobalSection
EndGlobal
